// !$*UTF8*$!
{
	archiveVersion = 1;
	classes = {
	};
	objectVersion = 46;
	objects = {

/* Begin PBXBuildFile section */
		B1C0184F19CDE9A400021BE2 /* Foundation.framework in Frameworks */ = {isa = PBXBuildFile; fileRef = B1C0184E19CDE9A400021BE2 /* Foundation.framework */; };
		B1C0185119CDE9A400021BE2 /* CoreGraphics.framework in Frameworks */ = {isa = PBXBuildFile; fileRef = B1C0185019CDE9A400021BE2 /* CoreGraphics.framework */; };
		B1C0185319CDE9A400021BE2 /* UIKit.framework in Frameworks */ = {isa = PBXBuildFile; fileRef = B1C0185219CDE9A400021BE2 /* UIKit.framework */; };
		B1C0185919CDE9A400021BE2 /* InfoPlist.strings in Resources */ = {isa = PBXBuildFile; fileRef = B1C0185719CDE9A400021BE2 /* InfoPlist.strings */; };
		B1C0185B19CDE9A400021BE2 /* main.m in Sources */ = {isa = PBXBuildFile; fileRef = B1C0185A19CDE9A400021BE2 /* main.m */; };
		B1C0185F19CDE9A400021BE2 /* WFAppDelegate.m in Sources */ = {isa = PBXBuildFile; fileRef = B1C0185E19CDE9A400021BE2 /* WFAppDelegate.m */; };
		B1C0186219CDE9A400021BE2 /* Main.storyboard in Resources */ = {isa = PBXBuildFile; fileRef = B1C0186019CDE9A400021BE2 /* Main.storyboard */; };
		B1C0186519CDE9A400021BE2 /* WFViewController.m in Sources */ = {isa = PBXBuildFile; fileRef = B1C0186419CDE9A400021BE2 /* WFViewController.m */; };
		B1C0186719CDE9A400021BE2 /* Images.xcassets in Resources */ = {isa = PBXBuildFile; fileRef = B1C0186619CDE9A400021BE2 /* Images.xcassets */; };
		B1C0186E19CDE9A500021BE2 /* XCTest.framework in Frameworks */ = {isa = PBXBuildFile; fileRef = B1C0186D19CDE9A500021BE2 /* XCTest.framework */; };
		B1C0186F19CDE9A500021BE2 /* Foundation.framework in Frameworks */ = {isa = PBXBuildFile; fileRef = B1C0184E19CDE9A400021BE2 /* Foundation.framework */; };
		B1C0187019CDE9A500021BE2 /* UIKit.framework in Frameworks */ = {isa = PBXBuildFile; fileRef = B1C0185219CDE9A400021BE2 /* UIKit.framework */; };
		B1C0187819CDE9A500021BE2 /* InfoPlist.strings in Resources */ = {isa = PBXBuildFile; fileRef = B1C0187619CDE9A500021BE2 /* InfoPlist.strings */; };
		B1C0187A19CDE9A500021BE2 /* ExpressTests.m in Sources */ = {isa = PBXBuildFile; fileRef = B1C0187919CDE9A500021BE2 /* ExpressTests.m */; };
/* End PBXBuildFile section */

/* Begin PBXContainerItemProxy section */
		B1C0187119CDE9A500021BE2 /* PBXContainerItemProxy */ = {
			isa = PBXContainerItemProxy;
			containerPortal = B1C0184319CDE9A400021BE2 /* Project object */;
			proxyType = 1;
			remoteGlobalIDString = B1C0184A19CDE9A400021BE2;
			remoteInfo = Express;
		};
/* End PBXContainerItemProxy section */

/* Begin PBXFileReference section */
		B1C0184B19CDE9A400021BE2 /* Express.app */ = {isa = PBXFileReference; explicitFileType = wrapper.application; includeInIndex = 0; path = Express.app; sourceTree = BUILT_PRODUCTS_DIR; };
		B1C0184E19CDE9A400021BE2 /* Foundation.framework */ = {isa = PBXFileReference; lastKnownFileType = wrapper.framework; name = Foundation.framework; path = System/Library/Frameworks/Foundation.framework; sourceTree = SDKROOT; };
		B1C0185019CDE9A400021BE2 /* CoreGraphics.framework */ = {isa = PBXFileReference; lastKnownFileType = wrapper.framework; name = CoreGraphics.framework; path = System/Library/Frameworks/CoreGraphics.framework; sourceTree = SDKROOT; };
		B1C0185219CDE9A400021BE2 /* UIKit.framework */ = {isa = PBXFileReference; lastKnownFileType = wrapper.framework; name = UIKit.framework; path = System/Library/Frameworks/UIKit.framework; sourceTree = SDKROOT; };
		B1C0185619CDE9A400021BE2 /* Express-Info.plist */ = {isa = PBXFileReference; lastKnownFileType = text.plist.xml; path = "Express-Info.plist"; sourceTree = "<group>"; };
		B1C0185819CDE9A400021BE2 /* en */ = {isa = PBXFileReference; lastKnownFileType = text.plist.strings; name = en; path = en.lproj/InfoPlist.strings; sourceTree = "<group>"; };
		B1C0185A19CDE9A400021BE2 /* main.m */ = {isa = PBXFileReference; lastKnownFileType = sourcecode.c.objc; path = main.m; sourceTree = "<group>"; };
		B1C0185C19CDE9A400021BE2 /* Express-Prefix.pch */ = {isa = PBXFileReference; lastKnownFileType = sourcecode.c.h; path = "Express-Prefix.pch"; sourceTree = "<group>"; };
		B1C0185D19CDE9A400021BE2 /* WFAppDelegate.h */ = {isa = PBXFileReference; lastKnownFileType = sourcecode.c.h; path = WFAppDelegate.h; sourceTree = "<group>"; };
		B1C0185E19CDE9A400021BE2 /* WFAppDelegate.m */ = {isa = PBXFileReference; lastKnownFileType = sourcecode.c.objc; path = WFAppDelegate.m; sourceTree = "<group>"; };
		B1C0186119CDE9A400021BE2 /* Base */ = {isa = PBXFileReference; lastKnownFileType = file.storyboard; name = Base; path = Base.lproj/Main.storyboard; sourceTree = "<group>"; };
		B1C0186319CDE9A400021BE2 /* WFViewController.h */ = {isa = PBXFileReference; lastKnownFileType = sourcecode.c.h; path = WFViewController.h; sourceTree = "<group>"; };
		B1C0186419CDE9A400021BE2 /* WFViewController.m */ = {isa = PBXFileReference; lastKnownFileType = sourcecode.c.objc; path = WFViewController.m; sourceTree = "<group>"; };
		B1C0186619CDE9A400021BE2 /* Images.xcassets */ = {isa = PBXFileReference; lastKnownFileType = folder.assetcatalog; path = Images.xcassets; sourceTree = "<group>"; };
		B1C0186C19CDE9A500021BE2 /* ExpressTests.xctest */ = {isa = PBXFileReference; explicitFileType = wrapper.cfbundle; includeInIndex = 0; path = ExpressTests.xctest; sourceTree = BUILT_PRODUCTS_DIR; };
		B1C0186D19CDE9A500021BE2 /* XCTest.framework */ = {isa = PBXFileReference; lastKnownFileType = wrapper.framework; name = XCTest.framework; path = Library/Frameworks/XCTest.framework; sourceTree = DEVELOPER_DIR; };
		B1C0187519CDE9A500021BE2 /* ExpressTests-Info.plist */ = {isa = PBXFileReference; lastKnownFileType = text.plist.xml; path = "ExpressTests-Info.plist"; sourceTree = "<group>"; };
		B1C0187719CDE9A500021BE2 /* en */ = {isa = PBXFileReference; lastKnownFileType = text.plist.strings; name = en; path = en.lproj/InfoPlist.strings; sourceTree = "<group>"; };
		B1C0187919CDE9A500021BE2 /* ExpressTests.m */ = {isa = PBXFileReference; lastKnownFileType = sourcecode.c.objc; path = ExpressTests.m; sourceTree = "<group>"; };
/* End PBXFileReference section */

/* Begin PBXFrameworksBuildPhase section */
		B1C0184819CDE9A400021BE2 /* Frameworks */ = {
			isa = PBXFrameworksBuildPhase;
			buildActionMask = 2147483647;
			files = (
				B1C0185119CDE9A400021BE2 /* CoreGraphics.framework in Frameworks */,
				B1C0185319CDE9A400021BE2 /* UIKit.framework in Frameworks */,
				B1C0184F19CDE9A400021BE2 /* Foundation.framework in Frameworks */,
			);
			runOnlyForDeploymentPostprocessing = 0;
		};
		B1C0186919CDE9A500021BE2 /* Frameworks */ = {
			isa = PBXFrameworksBuildPhase;
			buildActionMask = 2147483647;
			files = (
				B1C0186E19CDE9A500021BE2 /* XCTest.framework in Frameworks */,
				B1C0187019CDE9A500021BE2 /* UIKit.framework in Frameworks */,
				B1C0186F19CDE9A500021BE2 /* Foundation.framework in Frameworks */,
			);
			runOnlyForDeploymentPostprocessing = 0;
		};
/* End PBXFrameworksBuildPhase section */

/* Begin PBXGroup section */
		B1C0184219CDE9A400021BE2 = {
			isa = PBXGroup;
			children = (
				B1C0185419CDE9A400021BE2 /* Express */,
				B1C0187319CDE9A500021BE2 /* ExpressTests */,
				B1C0184D19CDE9A400021BE2 /* Frameworks */,
				B1C0184C19CDE9A400021BE2 /* Products */,
			);
			sourceTree = "<group>";
		};
		B1C0184C19CDE9A400021BE2 /* Products */ = {
			isa = PBXGroup;
			children = (
				B1C0184B19CDE9A400021BE2 /* Express.app */,
				B1C0186C19CDE9A500021BE2 /* ExpressTests.xctest */,
			);
			name = Products;
			sourceTree = "<group>";
		};
		B1C0184D19CDE9A400021BE2 /* Frameworks */ = {
			isa = PBXGroup;
			children = (
				B1C0184E19CDE9A400021BE2 /* Foundation.framework */,
				B1C0185019CDE9A400021BE2 /* CoreGraphics.framework */,
				B1C0185219CDE9A400021BE2 /* UIKit.framework */,
				B1C0186D19CDE9A500021BE2 /* XCTest.framework */,
			);
			name = Frameworks;
			sourceTree = "<group>";
		};
		B1C0185419CDE9A400021BE2 /* Express */ = {
			isa = PBXGroup;
			children = (
				B1C0185D19CDE9A400021BE2 /* WFAppDelegate.h */,
				B1C0185E19CDE9A400021BE2 /* WFAppDelegate.m */,
				B1C0186019CDE9A400021BE2 /* Main.storyboard */,
				B1C0186319CDE9A400021BE2 /* WFViewController.h */,
				B1C0186419CDE9A400021BE2 /* WFViewController.m */,
				B1C0186619CDE9A400021BE2 /* Images.xcassets */,
				B1C0185519CDE9A400021BE2 /* Supporting Files */,
			);
			path = Express;
			sourceTree = "<group>";
		};
		B1C0185519CDE9A400021BE2 /* Supporting Files */ = {
			isa = PBXGroup;
			children = (
				B1C0185619CDE9A400021BE2 /* Express-Info.plist */,
				B1C0185719CDE9A400021BE2 /* InfoPlist.strings */,
				B1C0185A19CDE9A400021BE2 /* main.m */,
				B1C0185C19CDE9A400021BE2 /* Express-Prefix.pch */,
			);
			name = "Supporting Files";
			sourceTree = "<group>";
		};
		B1C0187319CDE9A500021BE2 /* ExpressTests */ = {
			isa = PBXGroup;
			children = (
				B1C0187919CDE9A500021BE2 /* ExpressTests.m */,
				B1C0187419CDE9A500021BE2 /* Supporting Files */,
			);
			path = ExpressTests;
			sourceTree = "<group>";
		};
		B1C0187419CDE9A500021BE2 /* Supporting Files */ = {
			isa = PBXGroup;
			children = (
				B1C0187519CDE9A500021BE2 /* ExpressTests-Info.plist */,
				B1C0187619CDE9A500021BE2 /* InfoPlist.strings */,
			);
			name = "Supporting Files";
			sourceTree = "<group>";
		};
/* End PBXGroup section */

/* Begin PBXNativeTarget section */
		B1C0184A19CDE9A400021BE2 /* Express */ = {
			isa = PBXNativeTarget;
			buildConfigurationList = B1C0187D19CDE9A500021BE2 /* Build configuration list for PBXNativeTarget "Express" */;
			buildPhases = (
				B1C0184719CDE9A400021BE2 /* Sources */,
				B1C0184819CDE9A400021BE2 /* Frameworks */,
				B1C0184919CDE9A400021BE2 /* Resources */,
			);
			buildRules = (
			);
			dependencies = (
			);
			name = Express;
			productName = Express;
			productReference = B1C0184B19CDE9A400021BE2 /* Express.app */;
			productType = "com.apple.product-type.application";
		};
		B1C0186B19CDE9A500021BE2 /* ExpressTests */ = {
			isa = PBXNativeTarget;
			buildConfigurationList = B1C0188019CDE9A500021BE2 /* Build configuration list for PBXNativeTarget "ExpressTests" */;
			buildPhases = (
				B1C0186819CDE9A500021BE2 /* Sources */,
				B1C0186919CDE9A500021BE2 /* Frameworks */,
				B1C0186A19CDE9A500021BE2 /* Resources */,
			);
			buildRules = (
			);
			dependencies = (
				B1C0187219CDE9A500021BE2 /* PBXTargetDependency */,
			);
			name = ExpressTests;
			productName = ExpressTests;
			productReference = B1C0186C19CDE9A500021BE2 /* ExpressTests.xctest */;
			productType = "com.apple.product-type.bundle.unit-test";
		};
/* End PBXNativeTarget section */

/* Begin PBXProject section */
		B1C0184319CDE9A400021BE2 /* Project object */ = {
			isa = PBXProject;
			attributes = {
				CLASSPREFIX = WF;
				LastUpgradeCheck = 0510;
				ORGANIZATIONNAME = "Neetesh Gupta";
				TargetAttributes = {
					B1C0186B19CDE9A500021BE2 = {
						TestTargetID = B1C0184A19CDE9A400021BE2;
					};
				};
			};
			buildConfigurationList = B1C0184619CDE9A400021BE2 /* Build configuration list for PBXProject "Express" */;
			compatibilityVersion = "Xcode 3.2";
			developmentRegion = English;
			hasScannedForEncodings = 0;
			knownRegions = (
				en,
				Base,
			);
			mainGroup = B1C0184219CDE9A400021BE2;
			productRefGroup = B1C0184C19CDE9A400021BE2 /* Products */;
			projectDirPath = "";
			projectRoot = "";
			targets = (
				B1C0184A19CDE9A400021BE2 /* Express */,
				B1C0186B19CDE9A500021BE2 /* ExpressTests */,
			);
		};
/* End PBXProject section */

/* Begin PBXResourcesBuildPhase section */
		B1C0184919CDE9A400021BE2 /* Resources */ = {
			isa = PBXResourcesBuildPhase;
			buildActionMask = 2147483647;
			files = (
				B1C0186719CDE9A400021BE2 /* Images.xcassets in Resources */,
				B1C0185919CDE9A400021BE2 /* InfoPlist.strings in Resources */,
				B1C0186219CDE9A400021BE2 /* Main.storyboard in Resources */,
			);
			runOnlyForDeploymentPostprocessing = 0;
		};
		B1C0186A19CDE9A500021BE2 /* Resources */ = {
			isa = PBXResourcesBuildPhase;
			buildActionMask = 2147483647;
			files = (
				B1C0187819CDE9A500021BE2 /* InfoPlist.strings in Resources */,
			);
			runOnlyForDeploymentPostprocessing = 0;
		};
/* End PBXResourcesBuildPhase section */

/* Begin PBXSourcesBuildPhase section */
		B1C0184719CDE9A400021BE2 /* Sources */ = {
			isa = PBXSourcesBuildPhase;
			buildActionMask = 2147483647;
			files = (
				B1C0186519CDE9A400021BE2 /* WFViewController.m in Sources */,
				B1C0185B19CDE9A400021BE2 /* main.m in Sources */,
				B1C0185F19CDE9A400021BE2 /* WFAppDelegate.m in Sources */,
			);
			runOnlyForDeploymentPostprocessing = 0;
		};
		B1C0186819CDE9A500021BE2 /* Sources */ = {
			isa = PBXSourcesBuildPhase;
			buildActionMask = 2147483647;
			files = (
				B1C0187A19CDE9A500021BE2 /* ExpressTests.m in Sources */,
			);
			runOnlyForDeploymentPostprocessing = 0;
		};
/* End PBXSourcesBuildPhase section */

/* Begin PBXTargetDependency section */
		B1C0187219CDE9A500021BE2 /* PBXTargetDependency */ = {
			isa = PBXTargetDependency;
			target = B1C0184A19CDE9A400021BE2 /* Express */;
			targetProxy = B1C0187119CDE9A500021BE2 /* PBXContainerItemProxy */;
		};
/* End PBXTargetDependency section */

/* Begin PBXVariantGroup section */
		B1C0185719CDE9A400021BE2 /* InfoPlist.strings */ = {
			isa = PBXVariantGroup;
			children = (
				B1C0185819CDE9A400021BE2 /* en */,
			);
			name = InfoPlist.strings;
			sourceTree = "<group>";
		};
		B1C0186019CDE9A400021BE2 /* Main.storyboard */ = {
			isa = PBXVariantGroup;
			children = (
				B1C0186119CDE9A400021BE2 /* Base */,
			);
			name = Main.storyboard;
			sourceTree = "<group>";
		};
		B1C0187619CDE9A500021BE2 /* InfoPlist.strings */ = {
			isa = PBXVariantGroup;
			children = (
				B1C0187719CDE9A500021BE2 /* en */,
			);
			name = InfoPlist.strings;
			sourceTree = "<group>";
		};
/* End PBXVariantGroup section */

/* Begin XCBuildConfiguration section */
		B1C0187B19CDE9A500021BE2 /* Debug */ = {
			isa = XCBuildConfiguration;
			buildSettings = {
				ALWAYS_SEARCH_USER_PATHS = NO;
				CLANG_CXX_LANGUAGE_STANDARD = "gnu++0x";
				CLANG_CXX_LIBRARY = "libc++";
				CLANG_ENABLE_MODULES = YES;
				CLANG_ENABLE_OBJC_ARC = YES;
				CLANG_WARN_BOOL_CONVERSION = YES;
				CLANG_WARN_CONSTANT_CONVERSION = YES;
				CLANG_WARN_DIRECT_OBJC_ISA_USAGE = YES_ERROR;
				CLANG_WARN_EMPTY_BODY = YES;
				CLANG_WARN_ENUM_CONVERSION = YES;
				CLANG_WARN_INT_CONVERSION = YES;
				CLANG_WARN_OBJC_ROOT_CLASS = YES_ERROR;
				CLANG_WARN__DUPLICATE_METHOD_MATCH = YES;
				"CODE_SIGN_IDENTITY[sdk=iphoneos*]" = "iPhone Developer";
				COPY_PHASE_STRIP = NO;
				GCC_C_LANGUAGE_STANDARD = gnu99;
				GCC_DYNAMIC_NO_PIC = NO;
				GCC_OPTIMIZATION_LEVEL = 0;
				GCC_PREPROCESSOR_DEFINITIONS = (
					"DEBUG=1",
					"$(inherited)",
				);
				GCC_SYMBOLS_PRIVATE_EXTERN = NO;
				GCC_WARN_64_TO_32_BIT_CONVERSION = YES;
				GCC_WARN_ABOUT_RETURN_TYPE = YES_ERROR;
				GCC_WARN_UNDECLARED_SELECTOR = YES;
				GCC_WARN_UNINITIALIZED_AUTOS = YES_AGGRESSIVE;
				GCC_WARN_UNUSED_FUNCTION = YES;
				GCC_WARN_UNUSED_VARIABLE = YES;
				IPHONEOS_DEPLOYMENT_TARGET = 7.1;
				ONLY_ACTIVE_ARCH = YES;
				SDKROOT = iphoneos;
			};
			name = Debug;
		};
		B1C0187C19CDE9A500021BE2 /* Release */ = {
			isa = XCBuildConfiguration;
			buildSettings = {
				ALWAYS_SEARCH_USER_PATHS = NO;
				CLANG_CXX_LANGUAGE_STANDARD = "gnu++0x";
				CLANG_CXX_LIBRARY = "libc++";
				CLANG_ENABLE_MODULES = YES;
				CLANG_ENABLE_OBJC_ARC = YES;
				CLANG_WARN_BOOL_CONVERSION = YES;
				CLANG_WARN_CONSTANT_CONVERSION = YES;
				CLANG_WARN_DIRECT_OBJC_ISA_USAGE = YES_ERROR;
				CLANG_WARN_EMPTY_BODY = YES;
				CLANG_WARN_ENUM_CONVERSION = YES;
				CLANG_WARN_INT_CONVERSION = YES;
				CLANG_WARN_OBJC_ROOT_CLASS = YES_ERROR;
				CLANG_WARN__DUPLICATE_METHOD_MATCH = YES;
				"CODE_SIGN_IDENTITY[sdk=iphoneos*]" = "iPhone Developer";
				COPY_PHASE_STRIP = YES;
				ENABLE_NS_ASSERTIONS = NO;
				GCC_C_LANGUAGE_STANDARD = gnu99;
				GCC_WARN_64_TO_32_BIT_CONVERSION = YES;
				GCC_WARN_ABOUT_RETURN_TYPE = YES_ERROR;
				GCC_WARN_UNDECLARED_SELECTOR = YES;
				GCC_WARN_UNINITIALIZED_AUTOS = YES_AGGRESSIVE;
				GCC_WARN_UNUSED_FUNCTION = YES;
				GCC_WARN_UNUSED_VARIABLE = YES;
				IPHONEOS_DEPLOYMENT_TARGET = 7.1;
				SDKROOT = iphoneos;
				VALIDATE_PRODUCT = YES;
			};
			name = Release;
		};
		B1C0187E19CDE9A500021BE2 /* Debug */ = {
			isa = XCBuildConfiguration;
			buildSettings = {
				ASSETCATALOG_COMPILER_APPICON_NAME = AppIcon;
				ASSETCATALOG_COMPILER_LAUNCHIMAGE_NAME = LaunchImage;
				GCC_PRECOMPILE_PREFIX_HEADER = YES;
				GCC_PREFIX_HEADER = "Express/Express-Prefix.pch";
				INFOPLIST_FILE = "Express/Express-Info.plist";
				PRODUCT_NAME = "$(TARGET_NAME)";
				WRAPPER_EXTENSION = app;
			};
			name = Debug;
		};
		B1C0187F19CDE9A500021BE2 /* Release */ = {
			isa = XCBuildConfiguration;
			buildSettings = {
				ASSETCATALOG_COMPILER_APPICON_NAME = AppIcon;
				ASSETCATALOG_COMPILER_LAUNCHIMAGE_NAME = LaunchImage;
				GCC_PRECOMPILE_PREFIX_HEADER = YES;
				GCC_PREFIX_HEADER = "Express/Express-Prefix.pch";
				INFOPLIST_FILE = "Express/Express-Info.plist";
				PRODUCT_NAME = "$(TARGET_NAME)";
				WRAPPER_EXTENSION = app;
			};
			name = Release;
		};
		B1C0188119CDE9A500021BE2 /* Debug */ = {
			isa = XCBuildConfiguration;
			buildSettings = {
				BUNDLE_LOADER = "$(BUILT_PRODUCTS_DIR)/Express.app/Express";
				FRAMEWORK_SEARCH_PATHS = (
					"$(SDKROOT)/Developer/Library/Frameworks",
					"$(inherited)",
					"$(DEVELOPER_FRAMEWORKS_DIR)",
				);
				GCC_PRECOMPILE_PREFIX_HEADER = YES;
				GCC_PREFIX_HEADER = "Express/Express-Prefix.pch";
				GCC_PREPROCESSOR_DEFINITIONS = (
					"DEBUG=1",
					"$(inherited)",
				);
				INFOPLIST_FILE = "ExpressTests/ExpressTests-Info.plist";
				PRODUCT_NAME = "$(TARGET_NAME)";
				TEST_HOST = "$(BUNDLE_LOADER)";
				WRAPPER_EXTENSION = xctest;
			};
			name = Debug;
		};
		B1C0188219CDE9A500021BE2 /* Release */ = {
			isa = XCBuildConfiguration;
			buildSettings = {
				BUNDLE_LOADER = "$(BUILT_PRODUCTS_DIR)/Express.app/Express";
				FRAMEWORK_SEARCH_PATHS = (
					"$(SDKROOT)/Developer/Library/Frameworks",
					"$(inherited)",
					"$(DEVELOPER_FRAMEWORKS_DIR)",
				);
				GCC_PRECOMPILE_PREFIX_HEADER = YES;
				GCC_PREFIX_HEADER = "Express/Express-Prefix.pch";
				INFOPLIST_FILE = "ExpressTests/ExpressTests-Info.plist";
				PRODUCT_NAME = "$(TARGET_NAME)";
				TEST_HOST = "$(BUNDLE_LOADER)";
				WRAPPER_EXTENSION = xctest;
			};
			name = Release;
		};
/* End XCBuildConfiguration section */

/* Begin XCConfigurationList section */
		B1C0184619CDE9A400021BE2 /* Build configuration list for PBXProject "Express" */ = {
			isa = XCConfigurationList;
			buildConfigurations = (
				B1C0187B19CDE9A500021BE2 /* Debug */,
				B1C0187C19CDE9A500021BE2 /* Release */,
			);
			defaultConfigurationIsVisible = 0;
			defaultConfigurationName = Release;
		};
		B1C0187D19CDE9A500021BE2 /* Build configuration list for PBXNativeTarget "Express" */ = {
			isa = XCConfigurationList;
			buildConfigurations = (
				B1C0187E19CDE9A500021BE2 /* Debug */,
				B1C0187F19CDE9A500021BE2 /* Release */,
			);
			defaultConfigurationIsVisible = 0;
		};
		B1C0188019CDE9A500021BE2 /* Build configuration list for PBXNativeTarget "ExpressTests" */ = {
			isa = XCConfigurationList;
			buildConfigurations = (
				B1C0188119CDE9A500021BE2 /* Debug */,
				B1C0188219CDE9A500021BE2 /* Release */,
			);
			defaultConfigurationIsVisible = 0;
		};
/* End XCConfigurationList section */
	};
	rootObject = B1C0184319CDE9A400021BE2 /* Project object */;
}
